
Microsoft Visual Studio Solution File, Format Version 11.00
# Visual Studio 2010
Project("{8BC9CEB8-8B4A-11D0-8D11-00A0C91BC942}") = "13.02 v1", "13.02 v1\13.02 v1.vcxproj", "{A4699898-E05E-441A-80B8-933B8E597E7C}"
EndProject
Global
	GlobalSection(SolutionConfigurationPlatforms) = preSolution
		Debug|Win32 = Debug|Win32
		Release|Win32 = Release|Win32
	EndGlobalSection
	GlobalSection(ProjectConfigurationPlatforms) = postSolution
		{A4699898-E05E-441A-80B8-933B8E597E7C}.Debug|Win32.ActiveCfg = Debug|Win32
		{A4699898-E05E-441A-80B8-933B8E597E7C}.Debug|Win32.Build.0 = Debug|Win32
		{A4699898-E05E-441A-80B8-933B8E597E7C}.Release|Win32.ActiveCfg = Release|Win32
		{A4699898-E05E-441A-80B8-933B8E597E7C}.Release|Win32.Build.0 = Release|Win32
	EndGlobalSection
	GlobalSection(SolutionProperties) = preSolution
		HideSolutionNode = FALSE
	EndGlobalSection
EndGlobal
